
Microsoft Visual Studio Solution File, Format Version 12.00
# Visual Studio Version 17
VisualStudioVersion = 17.10.35027.167
MinimumVisualStudioVersion = 10.0.40219.1
Project("{9A19103F-16F7-4668-BE54-9A1E7A4F7556}") = "API", "API\API.csproj", "{402816C0-0F4C-4379-9BB1-D8433C16C563}"
EndProject
Project("{9A19103F-16F7-4668-BE54-9A1E7A4F7556}") = "Application", "Application\Application.csproj", "{8ACD7539-6BD8-411F-934A-5CF2142C2F26}"
EndProject
Project("{9A19103F-16F7-4668-BE54-9A1E7A4F7556}") = "Domain", "Domain\Domain.csproj", "{3322F676-6D43-44FD-8C2B-EBA9D6299292}"
EndProject
Project("{9A19103F-16F7-4668-BE54-9A1E7A4F7556}") = "Infrastructure", "Infrastructure\Infrastructure.csproj", "{221CA63D-4338-4867-8305-1B7BF7B069AD}"
EndProject
Project("{9A19103F-16F7-4668-BE54-9A1E7A4F7556}") = "UnitTests", "UnitTests\UnitTests.csproj", "{00C805F1-45AE-482D-AE5B-BA65BECBAD8E}"
EndProject
Global
	GlobalSection(SolutionConfigurationPlatforms) = preSolution
		Debug|Any CPU = Debug|Any CPU
		Release|Any CPU = Release|Any CPU
	EndGlobalSection
	GlobalSection(ProjectConfigurationPlatforms) = postSolution
		{402816C0-0F4C-4379-9BB1-D8433C16C563}.Debug|Any CPU.ActiveCfg = Debug|Any CPU
		{402816C0-0F4C-4379-9BB1-D8433C16C563}.Debug|Any CPU.Build.0 = Debug|Any CPU
		{402816C0-0F4C-4379-9BB1-D8433C16C563}.Release|Any CPU.ActiveCfg = Release|Any CPU
		{402816C0-0F4C-4379-9BB1-D8433C16C563}.Release|Any CPU.Build.0 = Release|Any CPU
		{8ACD7539-6BD8-411F-934A-5CF2142C2F26}.Debug|Any CPU.ActiveCfg = Debug|Any CPU
		{8ACD7539-6BD8-411F-934A-5CF2142C2F26}.Debug|Any CPU.Build.0 = Debug|Any CPU
		{8ACD7539-6BD8-411F-934A-5CF2142C2F26}.Release|Any CPU.ActiveCfg = Release|Any CPU
		{8ACD7539-6BD8-411F-934A-5CF2142C2F26}.Release|Any CPU.Build.0 = Release|Any CPU
		{3322F676-6D43-44FD-8C2B-EBA9D6299292}.Debug|Any CPU.ActiveCfg = Debug|Any CPU
		{3322F676-6D43-44FD-8C2B-EBA9D6299292}.Debug|Any CPU.Build.0 = Debug|Any CPU
		{3322F676-6D43-44FD-8C2B-EBA9D6299292}.Release|Any CPU.ActiveCfg = Release|Any CPU
		{3322F676-6D43-44FD-8C2B-EBA9D6299292}.Release|Any CPU.Build.0 = Release|Any CPU
		{221CA63D-4338-4867-8305-1B7BF7B069AD}.Debug|Any CPU.ActiveCfg = Debug|Any CPU
		{221CA63D-4338-4867-8305-1B7BF7B069AD}.Debug|Any CPU.Build.0 = Debug|Any CPU
		{221CA63D-4338-4867-8305-1B7BF7B069AD}.Release|Any CPU.ActiveCfg = Release|Any CPU
		{221CA63D-4338-4867-8305-1B7BF7B069AD}.Release|Any CPU.Build.0 = Release|Any CPU
		{00C805F1-45AE-482D-AE5B-BA65BECBAD8E}.Debug|Any CPU.ActiveCfg = Debug|Any CPU
		{00C805F1-45AE-482D-AE5B-BA65BECBAD8E}.Debug|Any CPU.Build.0 = Debug|Any CPU
		{00C805F1-45AE-482D-AE5B-BA65BECBAD8E}.Release|Any CPU.ActiveCfg = Release|Any CPU
		{00C805F1-45AE-482D-AE5B-BA65BECBAD8E}.Release|Any CPU.Build.0 = Release|Any CPU
	EndGlobalSection
	GlobalSection(SolutionProperties) = preSolution
		HideSolutionNode = FALSE
	EndGlobalSection
	GlobalSection(ExtensibilityGlobals) = postSolution
		SolutionGuid = {124E8AD4-9830-4060-8BDB-105C1850C573}
	EndGlobalSection
EndGlobal
